
Microsoft Visual Studio Solution File, Format Version 12.00
# Visual Studio Version 17
VisualStudioVersion = 17.0.31903.59
MinimumVisualStudioVersion = 10.0.40219.1
Project("{FAE04EC0-301F-11D3-BF4B-00C04F79EFBC}") = "Auction", "Auction\Auction.csproj", "{89678DEE-829B-4535-A307-DAEB66817C74}"
EndProject
Project("{FAE04EC0-301F-11D3-BF4B-00C04F79EFBC}") = "Auction.Tests", "Auction.Tests\Auction.Tests.csproj", "{AC3EB801-A7FD-4E1C-9525-B9F8C7BDACD8}"
EndProject
Global
	GlobalSection(SolutionConfigurationPlatforms) = preSolution
		Debug|Any CPU = Debug|Any CPU
		Debug|x64 = Debug|x64
		Debug|x86 = Debug|x86
		Release|Any CPU = Release|Any CPU
		Release|x64 = Release|x64
		Release|x86 = Release|x86
	EndGlobalSection
	GlobalSection(ProjectConfigurationPlatforms) = postSolution
		{89678DEE-829B-4535-A307-DAEB66817C74}.Debug|Any CPU.ActiveCfg = Debug|Any CPU
		{89678DEE-829B-4535-A307-DAEB66817C74}.Debug|Any CPU.Build.0 = Debug|Any CPU
		{89678DEE-829B-4535-A307-DAEB66817C74}.Debug|x64.ActiveCfg = Debug|Any CPU
		{89678DEE-829B-4535-A307-DAEB66817C74}.Debug|x64.Build.0 = Debug|Any CPU
		{89678DEE-829B-4535-A307-DAEB66817C74}.Debug|x86.ActiveCfg = Debug|Any CPU
		{89678DEE-829B-4535-A307-DAEB66817C74}.Debug|x86.Build.0 = Debug|Any CPU
		{89678DEE-829B-4535-A307-DAEB66817C74}.Release|Any CPU.ActiveCfg = Release|Any CPU
		{89678DEE-829B-4535-A307-DAEB66817C74}.Release|Any CPU.Build.0 = Release|Any CPU
		{89678DEE-829B-4535-A307-DAEB66817C74}.Release|x64.ActiveCfg = Release|Any CPU
		{89678DEE-829B-4535-A307-DAEB66817C74}.Release|x64.Build.0 = Release|Any CPU
		{89678DEE-829B-4535-A307-DAEB66817C74}.Release|x86.ActiveCfg = Release|Any CPU
		{89678DEE-829B-4535-A307-DAEB66817C74}.Release|x86.Build.0 = Release|Any CPU
		{AC3EB801-A7FD-4E1C-9525-B9F8C7BDACD8}.Debug|Any CPU.ActiveCfg = Debug|Any CPU
		{AC3EB801-A7FD-4E1C-9525-B9F8C7BDACD8}.Debug|Any CPU.Build.0 = Debug|Any CPU
		{AC3EB801-A7FD-4E1C-9525-B9F8C7BDACD8}.Debug|x64.ActiveCfg = Debug|Any CPU
		{AC3EB801-A7FD-4E1C-9525-B9F8C7BDACD8}.Debug|x64.Build.0 = Debug|Any CPU
		{AC3EB801-A7FD-4E1C-9525-B9F8C7BDACD8}.Debug|x86.ActiveCfg = Debug|Any CPU
		{AC3EB801-A7FD-4E1C-9525-B9F8C7BDACD8}.Debug|x86.Build.0 = Debug|Any CPU
		{AC3EB801-A7FD-4E1C-9525-B9F8C7BDACD8}.Release|Any CPU.ActiveCfg = Release|Any CPU
		{AC3EB801-A7FD-4E1C-9525-B9F8C7BDACD8}.Release|Any CPU.Build.0 = Release|Any CPU
		{AC3EB801-A7FD-4E1C-9525-B9F8C7BDACD8}.Release|x64.ActiveCfg = Release|Any CPU
		{AC3EB801-A7FD-4E1C-9525-B9F8C7BDACD8}.Release|x64.Build.0 = Release|Any CPU
		{AC3EB801-A7FD-4E1C-9525-B9F8C7BDACD8}.Release|x86.ActiveCfg = Release|Any CPU
		{AC3EB801-A7FD-4E1C-9525-B9F8C7BDACD8}.Release|x86.Build.0 = Release|Any CPU
	EndGlobalSection
	GlobalSection(SolutionProperties) = preSolution
		HideSolutionNode = FALSE
	EndGlobalSection
EndGlobal
